// !$*UTF8*$!
{
	archiveVersion = 1;
	classes = {
	};
	objectVersion = 50;
	objects = {

/* Begin PBXBuildFile section */
		32843B5020E2DA4000057BA0 /* AppDelegate.m in Sources */ = {isa = PBXBuildFile; fileRef = 32843B4F20E2DA4000057BA0 /* AppDelegate.m */; };
		32843B5320E2DA4000057BA0 /* ViewController.m in Sources */ = {isa = PBXBuildFile; fileRef = 32843B5220E2DA4000057BA0 /* ViewController.m */; };
		32843B5620E2DA4000057BA0 /* Main.storyboard in Resources */ = {isa = PBXBuildFile; fileRef = 32843B5420E2DA4000057BA0 /* Main.storyboard */; };
		32843B5820E2DA4100057BA0 /* Assets.xcassets in Resources */ = {isa = PBXBuildFile; fileRef = 32843B5720E2DA4100057BA0 /* Assets.xcassets */; };
		32843B5B20E2DA4100057BA0 /* LaunchScreen.storyboard in Resources */ = {isa = PBXBuildFile; fileRef = 32843B5920E2DA4100057BA0 /* LaunchScreen.storyboard */; };
		32843B5E20E2DA4100057BA0 /* main.m in Sources */ = {isa = PBXBuildFile; fileRef = 32843B5D20E2DA4100057BA0 /* main.m */; };
		32843B6820E2DA4100057BA0 /* Tip_calculatorTests.m in Sources */ = {isa = PBXBuildFile; fileRef = 32843B6720E2DA4100057BA0 /* Tip_calculatorTests.m */; };
		32843B7320E2DA4100057BA0 /* Tip_calculatorUITests.m in Sources */ = {isa = PBXBuildFile; fileRef = 32843B7220E2DA4100057BA0 /* Tip_calculatorUITests.m */; };
/* End PBXBuildFile section */

/* Begin PBXContainerItemProxy section */
		32843B6420E2DA4100057BA0 /* PBXContainerItemProxy */ = {
			isa = PBXContainerItemProxy;
			containerPortal = 32843B4320E2DA4000057BA0 /* Project object */;
			proxyType = 1;
			remoteGlobalIDString = 32843B4A20E2DA4000057BA0;
			remoteInfo = "Tip calculator";
		};
		32843B6F20E2DA4100057BA0 /* PBXContainerItemProxy */ = {
			isa = PBXContainerItemProxy;
			containerPortal = 32843B4320E2DA4000057BA0 /* Project object */;
			proxyType = 1;
			remoteGlobalIDString = 32843B4A20E2DA4000057BA0;
			remoteInfo = "Tip calculator";
		};
/* End PBXContainerItemProxy section */

/* Begin PBXFileReference section */
		32843B4B20E2DA4000057BA0 /* Tip calculator.app */ = {isa = PBXFileReference; explicitFileType = wrapper.application; includeInIndex = 0; path = "Tip calculator.app"; sourceTree = BUILT_PRODUCTS_DIR; };
		32843B4E20E2DA4000057BA0 /* AppDelegate.h */ = {isa = PBXFileReference; lastKnownFileType = sourcecode.c.h; path = AppDelegate.h; sourceTree = "<group>"; };
		32843B4F20E2DA4000057BA0 /* AppDelegate.m */ = {isa = PBXFileReference; lastKnownFileType = sourcecode.c.objc; path = AppDelegate.m; sourceTree = "<group>"; };
		32843B5120E2DA4000057BA0 /* ViewController.h */ = {isa = PBXFileReference; lastKnownFileType = sourcecode.c.h; path = ViewController.h; sourceTree = "<group>"; };
		32843B5220E2DA4000057BA0 /* ViewController.m */ = {isa = PBXFileReference; lastKnownFileType = sourcecode.c.objc; path = ViewController.m; sourceTree = "<group>"; };
		32843B5520E2DA4000057BA0 /* Base */ = {isa = PBXFileReference; lastKnownFileType = file.storyboard; name = Base; path = Base.lproj/Main.storyboard; sourceTree = "<group>"; };
		32843B5720E2DA4100057BA0 /* Assets.xcassets */ = {isa = PBXFileReference; lastKnownFileType = folder.assetcatalog; path = Assets.xcassets; sourceTree = "<group>"; };
		32843B5A20E2DA4100057BA0 /* Base */ = {isa = PBXFileReference; lastKnownFileType = file.storyboard; name = Base; path = Base.lproj/LaunchScreen.storyboard; sourceTree = "<group>"; };
		32843B5C20E2DA4100057BA0 /* Info.plist */ = {isa = PBXFileReference; lastKnownFileType = text.plist.xml; path = Info.plist; sourceTree = "<group>"; };
		32843B5D20E2DA4100057BA0 /* main.m */ = {isa = PBXFileReference; lastKnownFileType = sourcecode.c.objc; path = main.m; sourceTree = "<group>"; };
		32843B6320E2DA4100057BA0 /* Tip calculatorTests.xctest */ = {isa = PBXFileReference; explicitFileType = wrapper.cfbundle; includeInIndex = 0; path = "Tip calculatorTests.xctest"; sourceTree = BUILT_PRODUCTS_DIR; };
		32843B6720E2DA4100057BA0 /* Tip_calculatorTests.m */ = {isa = PBXFileReference; lastKnownFileType = sourcecode.c.objc; path = Tip_calculatorTests.m; sourceTree = "<group>"; };
		32843B6920E2DA4100057BA0 /* Info.plist */ = {isa = PBXFileReference; lastKnownFileType = text.plist.xml; path = Info.plist; sourceTree = "<group>"; };
		32843B6E20E2DA4100057BA0 /* Tip calculatorUITests.xctest */ = {isa = PBXFileReference; explicitFileType = wrapper.cfbundle; includeInIndex = 0; path = "Tip calculatorUITests.xctest"; sourceTree = BUILT_PRODUCTS_DIR; };
		32843B7220E2DA4100057BA0 /* Tip_calculatorUITests.m */ = {isa = PBXFileReference; lastKnownFileType = sourcecode.c.objc; path = Tip_calculatorUITests.m; sourceTree = "<group>"; };
		32843B7420E2DA4100057BA0 /* Info.plist */ = {isa = PBXFileReference; lastKnownFileType = text.plist.xml; path = Info.plist; sourceTree = "<group>"; };
/* End PBXFileReference section */

/* Begin PBXFrameworksBuildPhase section */
		32843B4820E2DA4000057BA0 /* Frameworks */ = {
			isa = PBXFrameworksBuildPhase;
			buildActionMask = 2147483647;
			files = (
			);
			runOnlyForDeploymentPostprocessing = 0;
		};
		32843B6020E2DA4100057BA0 /* Frameworks */ = {
			isa = PBXFrameworksBuildPhase;
			buildActionMask = 2147483647;
			files = (
			);
			runOnlyForDeploymentPostprocessing = 0;
		};
		32843B6B20E2DA4100057BA0 /* Frameworks */ = {
			isa = PBXFrameworksBuildPhase;
			buildActionMask = 2147483647;
			files = (
			);
			runOnlyForDeploymentPostprocessing = 0;
		};
/* End PBXFrameworksBuildPhase section */

/* Begin PBXGroup section */
		32843B4220E2DA4000057BA0 = {
			isa = PBXGroup;
			children = (
				32843B4D20E2DA4000057BA0 /* Tip calculator */,
				32843B6620E2DA4100057BA0 /* Tip calculatorTests */,
				32843B7120E2DA4100057BA0 /* Tip calculatorUITests */,
				32843B4C20E2DA4000057BA0 /* Products */,
			);
			sourceTree = "<group>";
		};
		32843B4C20E2DA4000057BA0 /* Products */ = {
			isa = PBXGroup;
			children = (
				32843B4B20E2DA4000057BA0 /* Tip calculator.app */,
				32843B6320E2DA4100057BA0 /* Tip calculatorTests.xctest */,
				32843B6E20E2DA4100057BA0 /* Tip calculatorUITests.xctest */,
			);
			name = Products;
			sourceTree = "<group>";
		};
		32843B4D20E2DA4000057BA0 /* Tip calculator */ = {
			isa = PBXGroup;
			children = (
				32843B4E20E2DA4000057BA0 /* AppDelegate.h */,
				32843B4F20E2DA4000057BA0 /* AppDelegate.m */,
				32843B5120E2DA4000057BA0 /* ViewController.h */,
				32843B5220E2DA4000057BA0 /* ViewController.m */,
				32843B5420E2DA4000057BA0 /* Main.storyboard */,
				32843B5720E2DA4100057BA0 /* Assets.xcassets */,
				32843B5920E2DA4100057BA0 /* LaunchScreen.storyboard */,
				32843B5C20E2DA4100057BA0 /* Info.plist */,
				32843B5D20E2DA4100057BA0 /* main.m */,
			);
			path = "Tip calculator";
			sourceTree = "<group>";
		};
		32843B6620E2DA4100057BA0 /* Tip calculatorTests */ = {
			isa = PBXGroup;
			children = (
				32843B6720E2DA4100057BA0 /* Tip_calculatorTests.m */,
				32843B6920E2DA4100057BA0 /* Info.plist */,
			);
			path = "Tip calculatorTests";
			sourceTree = "<group>";
		};
		32843B7120E2DA4100057BA0 /* Tip calculatorUITests */ = {
			isa = PBXGroup;
			children = (
				32843B7220E2DA4100057BA0 /* Tip_calculatorUITests.m */,
				32843B7420E2DA4100057BA0 /* Info.plist */,
			);
			path = "Tip calculatorUITests";
			sourceTree = "<group>";
		};
/* End PBXGroup section */

/* Begin PBXNativeTarget section */
		32843B4A20E2DA4000057BA0 /* Tip calculator */ = {
			isa = PBXNativeTarget;
			buildConfigurationList = 32843B7720E2DA4100057BA0 /* Build configuration list for PBXNativeTarget "Tip calculator" */;
			buildPhases = (
				32843B4720E2DA4000057BA0 /* Sources */,
				32843B4820E2DA4000057BA0 /* Frameworks */,
				32843B4920E2DA4000057BA0 /* Resources */,
			);
			buildRules = (
			);
			dependencies = (
			);
			name = "Tip calculator";
			productName = "Tip calculator";
			productReference = 32843B4B20E2DA4000057BA0 /* Tip calculator.app */;
			productType = "com.apple.product-type.application";
		};
		32843B6220E2DA4100057BA0 /* Tip calculatorTests */ = {
			isa = PBXNativeTarget;
			buildConfigurationList = 32843B7A20E2DA4100057BA0 /* Build configuration list for PBXNativeTarget "Tip calculatorTests" */;
			buildPhases = (
				32843B5F20E2DA4100057BA0 /* Sources */,
				32843B6020E2DA4100057BA0 /* Frameworks */,
				32843B6120E2DA4100057BA0 /* Resources */,
			);
			buildRules = (
			);
			dependencies = (
				32843B6520E2DA4100057BA0 /* PBXTargetDependency */,
			);
			name = "Tip calculatorTests";
			productName = "Tip calculatorTests";
			productReference = 32843B6320E2DA4100057BA0 /* Tip calculatorTests.xctest */;
			productType = "com.apple.product-type.bundle.unit-test";
		};
		32843B6D20E2DA4100057BA0 /* Tip calculatorUITests */ = {
			isa = PBXNativeTarget;
			buildConfigurationList = 32843B7D20E2DA4100057BA0 /* Build configuration list for PBXNativeTarget "Tip calculatorUITests" */;
			buildPhases = (
				32843B6A20E2DA4100057BA0 /* Sources */,
				32843B6B20E2DA4100057BA0 /* Frameworks */,
				32843B6C20E2DA4100057BA0 /* Resources */,
			);
			buildRules = (
			);
			dependencies = (
				32843B7020E2DA4100057BA0 /* PBXTargetDependency */,
			);
			name = "Tip calculatorUITests";
			productName = "Tip calculatorUITests";
			productReference = 32843B6E20E2DA4100057BA0 /* Tip calculatorUITests.xctest */;
			productType = "com.apple.product-type.bundle.ui-testing";
		};
/* End PBXNativeTarget section */

/* Begin PBXProject section */
		32843B4320E2DA4000057BA0 /* Project object */ = {
			isa = PBXProject;
			attributes = {
				LastUpgradeCheck = 0940;
				ORGANIZATIONNAME = "Norette Ingabire";
				TargetAttributes = {
					32843B4A20E2DA4000057BA0 = {
						CreatedOnToolsVersion = 9.4.1;
					};
					32843B6220E2DA4100057BA0 = {
						CreatedOnToolsVersion = 9.4.1;
						TestTargetID = 32843B4A20E2DA4000057BA0;
					};
					32843B6D20E2DA4100057BA0 = {
						CreatedOnToolsVersion = 9.4.1;
						TestTargetID = 32843B4A20E2DA4000057BA0;
					};
				};
			};
			buildConfigurationList = 32843B4620E2DA4000057BA0 /* Build configuration list for PBXProject "Tip calculator" */;
			compatibilityVersion = "Xcode 9.3";
			developmentRegion = en;
			hasScannedForEncodings = 0;
			knownRegions = (
				en,
				Base,
			);
			mainGroup = 32843B4220E2DA4000057BA0;
			productRefGroup = 32843B4C20E2DA4000057BA0 /* Products */;
			projectDirPath = "";
			projectRoot = "";
			targets = (
				32843B4A20E2DA4000057BA0 /* Tip calculator */,
				32843B6220E2DA4100057BA0 /* Tip calculatorTests */,
				32843B6D20E2DA4100057BA0 /* Tip calculatorUITests */,
			);
		};
/* End PBXProject section */

/* Begin PBXResourcesBuildPhase section */
		32843B4920E2DA4000057BA0 /* Resources */ = {
			isa = PBXResourcesBuildPhase;
			buildActionMask = 2147483647;
			files = (
				32843B5B20E2DA4100057BA0 /* LaunchScreen.storyboard in Resources */,
				32843B5820E2DA4100057BA0 /* Assets.xcassets in Resources */,
				32843B5620E2DA4000057BA0 /* Main.storyboard in Resources */,
			);
			runOnlyForDeploymentPostprocessing = 0;
		};
		32843B6120E2DA4100057BA0 /* Resources */ = {
			isa = PBXResourcesBuildPhase;
			buildActionMask = 2147483647;
			files = (
			);
			runOnlyForDeploymentPostprocessing = 0;
		};
		32843B6C20E2DA4100057BA0 /* Resources */ = {
			isa = PBXResourcesBuildPhase;
			buildActionMask = 2147483647;
			files = (
			);
			runOnlyForDeploymentPostprocessing = 0;
		};
/* End PBXResourcesBuildPhase section */

/* Begin PBXSourcesBuildPhase section */
		32843B4720E2DA4000057BA0 /* Sources */ = {
			isa = PBXSourcesBuildPhase;
			buildActionMask = 2147483647;
			files = (
				32843B5320E2DA4000057BA0 /* ViewController.m in Sources */,
				32843B5E20E2DA4100057BA0 /* main.m in Sources */,
				32843B5020E2DA4000057BA0 /* AppDelegate.m in Sources */,
			);
			runOnlyForDeploymentPostprocessing = 0;
		};
		32843B5F20E2DA4100057BA0 /* Sources */ = {
			isa = PBXSourcesBuildPhase;
			buildActionMask = 2147483647;
			files = (
				32843B6820E2DA4100057BA0 /* Tip_calculatorTests.m in Sources */,
			);
			runOnlyForDeploymentPostprocessing = 0;
		};
		32843B6A20E2DA4100057BA0 /* Sources */ = {
			isa = PBXSourcesBuildPhase;
			buildActionMask = 2147483647;
			files = (
				32843B7320E2DA4100057BA0 /* Tip_calculatorUITests.m in Sources */,
			);
			runOnlyForDeploymentPostprocessing = 0;
		};
/* End PBXSourcesBuildPhase section */

/* Begin PBXTargetDependency section */
		32843B6520E2DA4100057BA0 /* PBXTargetDependency */ = {
			isa = PBXTargetDependency;
			target = 32843B4A20E2DA4000057BA0 /* Tip calculator */;
			targetProxy = 32843B6420E2DA4100057BA0 /* PBXContainerItemProxy */;
		};
		32843B7020E2DA4100057BA0 /* PBXTargetDependency */ = {
			isa = PBXTargetDependency;
			target = 32843B4A20E2DA4000057BA0 /* Tip calculator */;
			targetProxy = 32843B6F20E2DA4100057BA0 /* PBXContainerItemProxy */;
		};
/* End PBXTargetDependency section */

/* Begin PBXVariantGroup section */
		32843B5420E2DA4000057BA0 /* Main.storyboard */ = {
			isa = PBXVariantGroup;
			children = (
				32843B5520E2DA4000057BA0 /* Base */,
			);
			name = Main.storyboard;
			sourceTree = "<group>";
		};
		32843B5920E2DA4100057BA0 /* LaunchScreen.storyboard */ = {
			isa = PBXVariantGroup;
			children = (
				32843B5A20E2DA4100057BA0 /* Base */,
			);
			name = LaunchScreen.storyboard;
			sourceTree = "<group>";
		};
/* End PBXVariantGroup section */

/* Begin XCBuildConfiguration section */
		32843B7520E2DA4100057BA0 /* Debug */ = {
			isa = XCBuildConfiguration;
			buildSettings = {
				ALWAYS_SEARCH_USER_PATHS = NO;
				CLANG_ANALYZER_NONNULL = YES;
				CLANG_ANALYZER_NUMBER_OBJECT_CONVERSION = YES_AGGRESSIVE;
				CLANG_CXX_LANGUAGE_STANDARD = "gnu++14";
				CLANG_CXX_LIBRARY = "libc++";
				CLANG_ENABLE_MODULES = YES;
				CLANG_ENABLE_OBJC_ARC = YES;
				CLANG_ENABLE_OBJC_WEAK = YES;
				CLANG_WARN_BLOCK_CAPTURE_AUTORELEASING = YES;
				CLANG_WARN_BOOL_CONVERSION = YES;
				CLANG_WARN_COMMA = YES;
				CLANG_WARN_CONSTANT_CONVERSION = YES;
				CLANG_WARN_DEPRECATED_OBJC_IMPLEMENTATIONS = YES;
				CLANG_WARN_DIRECT_OBJC_ISA_USAGE = YES_ERROR;
				CLANG_WARN_DOCUMENTATION_COMMENTS = YES;
				CLANG_WARN_EMPTY_BODY = YES;
				CLANG_WARN_ENUM_CONVERSION = YES;
				CLANG_WARN_INFINITE_RECURSION = YES;
				CLANG_WARN_INT_CONVERSION = YES;
				CLANG_WARN_NON_LITERAL_NULL_CONVERSION = YES;
				CLANG_WARN_OBJC_IMPLICIT_RETAIN_SELF = YES;
				CLANG_WARN_OBJC_LITERAL_CONVERSION = YES;
				CLANG_WARN_OBJC_ROOT_CLASS = YES_ERROR;
				CLANG_WARN_RANGE_LOOP_ANALYSIS = YES;
				CLANG_WARN_STRICT_PROTOTYPES = YES;
				CLANG_WARN_SUSPICIOUS_MOVE = YES;
				CLANG_WARN_UNGUARDED_AVAILABILITY = YES_AGGRESSIVE;
				CLANG_WARN_UNREACHABLE_CODE = YES;
				CLANG_WARN__DUPLICATE_METHOD_MATCH = YES;
				CODE_SIGN_IDENTITY = "iPhone Developer";
				COPY_PHASE_STRIP = NO;
				DEBUG_INFORMATION_FORMAT = dwarf;
				ENABLE_STRICT_OBJC_MSGSEND = YES;
				ENABLE_TESTABILITY = YES;
				GCC_C_LANGUAGE_STANDARD = gnu11;
				GCC_DYNAMIC_NO_PIC = NO;
				GCC_NO_COMMON_BLOCKS = YES;
				GCC_OPTIMIZATION_LEVEL = 0;
				GCC_PREPROCESSOR_DEFINITIONS = (
					"DEBUG=1",
					"$(inherited)",
				);
				GCC_WARN_64_TO_32_BIT_CONVERSION = YES;
				GCC_WARN_ABOUT_RETURN_TYPE = YES_ERROR;
				GCC_WARN_UNDECLARED_SELECTOR = YES;
				GCC_WARN_UNINITIALIZED_AUTOS = YES_AGGRESSIVE;
				GCC_WARN_UNUSED_FUNCTION = YES;
				GCC_WARN_UNUSED_VARIABLE = YES;
				IPHONEOS_DEPLOYMENT_TARGET = 11.4;
				MTL_ENABLE_DEBUG_INFO = YES;
				ONLY_ACTIVE_ARCH = YES;
				SDKROOT = iphoneos;
			};
			name = Debug;
		};
		32843B7620E2DA4100057BA0 /* Release */ = {
			isa = XCBuildConfiguration;
			buildSettings = {
				ALWAYS_SEARCH_USER_PATHS = NO;
				CLANG_ANALYZER_NONNULL = YES;
				CLANG_ANALYZER_NUMBER_OBJECT_CONVERSION = YES_AGGRESSIVE;
				CLANG_CXX_LANGUAGE_STANDARD = "gnu++14";
				CLANG_CXX_LIBRARY = "libc++";
				CLANG_ENABLE_MODULES = YES;
				CLANG_ENABLE_OBJC_ARC = YES;
				CLANG_ENABLE_OBJC_WEAK = YES;
				CLANG_WARN_BLOCK_CAPTURE_AUTORELEASING = YES;
				CLANG_WARN_BOOL_CONVERSION = YES;
				CLANG_WARN_COMMA = YES;
				CLANG_WARN_CONSTANT_CONVERSION = YES;
				CLANG_WARN_DEPRECATED_OBJC_IMPLEMENTATIONS = YES;
				CLANG_WARN_DIRECT_OBJC_ISA_USAGE = YES_ERROR;
				CLANG_WARN_DOCUMENTATION_COMMENTS = YES;
				CLANG_WARN_EMPTY_BODY = YES;
				CLANG_WARN_ENUM_CONVERSION = YES;
				CLANG_WARN_INFINITE_RECURSION = YES;
				CLANG_WARN_INT_CONVERSION = YES;
				CLANG_WARN_NON_LITERAL_NULL_CONVERSION = YES;
				CLANG_WARN_OBJC_IMPLICIT_RETAIN_SELF = YES;
				CLANG_WARN_OBJC_LITERAL_CONVERSION = YES;
				CLANG_WARN_OBJC_ROOT_CLASS = YES_ERROR;
				CLANG_WARN_RANGE_LOOP_ANALYSIS = YES;
				CLANG_WARN_STRICT_PROTOTYPES = YES;
				CLANG_WARN_SUSPICIOUS_MOVE = YES;
				CLANG_WARN_UNGUARDED_AVAILABILITY = YES_AGGRESSIVE;
				CLANG_WARN_UNREACHABLE_CODE = YES;
				CLANG_WARN__DUPLICATE_METHOD_MATCH = YES;
				CODE_SIGN_IDENTITY = "iPhone Developer";
				COPY_PHASE_STRIP = NO;
				DEBUG_INFORMATION_FORMAT = "dwarf-with-dsym";
				ENABLE_NS_ASSERTIONS = NO;
				ENABLE_STRICT_OBJC_MSGSEND = YES;
				GCC_C_LANGUAGE_STANDARD = gnu11;
				GCC_NO_COMMON_BLOCKS = YES;
				GCC_WARN_64_TO_32_BIT_CONVERSION = YES;
				GCC_WARN_ABOUT_RETURN_TYPE = YES_ERROR;
				GCC_WARN_UNDECLARED_SELECTOR = YES;
				GCC_WARN_UNINITIALIZED_AUTOS = YES_AGGRESSIVE;
				GCC_WARN_UNUSED_FUNCTION = YES;
				GCC_WARN_UNUSED_VARIABLE = YES;
				IPHONEOS_DEPLOYMENT_TARGET = 11.4;
				MTL_ENABLE_DEBUG_INFO = NO;
				SDKROOT = iphoneos;
				VALIDATE_PRODUCT = YES;
			};
			name = Release;
		};
		32843B7820E2DA4100057BA0 /* Debug */ = {
			isa = XCBuildConfiguration;
			buildSettings = {
				ASSETCATALOG_COMPILER_APPICON_NAME = AppIcon;
				CODE_SIGN_STYLE = Automatic;
				INFOPLIST_FILE = "Tip calculator/Info.plist";
				LD_RUNPATH_SEARCH_PATHS = (
					"$(inherited)",
					"@executable_path/Frameworks",
				);
				PRODUCT_BUNDLE_IDENTIFIER = "noretteingabire-gmail.com.Tip-calculator";
				PRODUCT_NAME = "$(TARGET_NAME)";
				TARGETED_DEVICE_FAMILY = "1,2";
			};
			name = Debug;
		};
		32843B7920E2DA4100057BA0 /* Release */ = {
			isa = XCBuildConfiguration;
			buildSettings = {
				ASSETCATALOG_COMPILER_APPICON_NAME = AppIcon;
				CODE_SIGN_STYLE = Automatic;
				INFOPLIST_FILE = "Tip calculator/Info.plist";
				LD_RUNPATH_SEARCH_PATHS = (
					"$(inherited)",
					"@executable_path/Frameworks",
				);
				PRODUCT_BUNDLE_IDENTIFIER = "noretteingabire-gmail.com.Tip-calculator";
				PRODUCT_NAME = "$(TARGET_NAME)";
				TARGETED_DEVICE_FAMILY = "1,2";
			};
			name = Release;
		};
		32843B7B20E2DA4100057BA0 /* Debug */ = {
			isa = XCBuildConfiguration;
			buildSettings = {
				BUNDLE_LOADER = "$(TEST_HOST)";
				CODE_SIGN_STYLE = Automatic;
				INFOPLIST_FILE = "Tip calculatorTests/Info.plist";
				LD_RUNPATH_SEARCH_PATHS = (
					"$(inherited)",
					"@executable_path/Frameworks",
					"@loader_path/Frameworks",
				);
				PRODUCT_BUNDLE_IDENTIFIER = "noretteingabire-gmail.com.Tip-calculatorTests";
				PRODUCT_NAME = "$(TARGET_NAME)";
				TARGETED_DEVICE_FAMILY = "1,2";
				TEST_HOST = "$(BUILT_PRODUCTS_DIR)/Tip calculator.app/Tip calculator";
			};
			name = Debug;
		};
		32843B7C20E2DA4100057BA0 /* Release */ = {
			isa = XCBuildConfiguration;
			buildSettings = {
				BUNDLE_LOADER = "$(TEST_HOST)";
				CODE_SIGN_STYLE = Automatic;
				INFOPLIST_FILE = "Tip calculatorTests/Info.plist";
				LD_RUNPATH_SEARCH_PATHS = (
					"$(inherited)",
					"@executable_path/Frameworks",
					"@loader_path/Frameworks",
				);
				PRODUCT_BUNDLE_IDENTIFIER = "noretteingabire-gmail.com.Tip-calculatorTests";
				PRODUCT_NAME = "$(TARGET_NAME)";
				TARGETED_DEVICE_FAMILY = "1,2";
				TEST_HOST = "$(BUILT_PRODUCTS_DIR)/Tip calculator.app/Tip calculator";
			};
			name = Release;
		};
		32843B7E20E2DA4100057BA0 /* Debug */ = {
			isa = XCBuildConfiguration;
			buildSettings = {
				CODE_SIGN_STYLE = Automatic;
				INFOPLIST_FILE = "Tip calculatorUITests/Info.plist";
				LD_RUNPATH_SEARCH_PATHS = (
					"$(inherited)",
					"@executable_path/Frameworks",
					"@loader_path/Frameworks",
				);
				PRODUCT_BUNDLE_IDENTIFIER = "noretteingabire-gmail.com.Tip-calculatorUITests";
				PRODUCT_NAME = "$(TARGET_NAME)";
				TARGETED_DEVICE_FAMILY = "1,2";
				TEST_TARGET_NAME = "Tip calculator";
			};
			name = Debug;
		};
		32843B7F20E2DA4100057BA0 /* Release */ = {
			isa = XCBuildConfiguration;
			buildSettings = {
				CODE_SIGN_STYLE = Automatic;
				INFOPLIST_FILE = "Tip calculatorUITests/Info.plist";
				LD_RUNPATH_SEARCH_PATHS = (
					"$(inherited)",
					"@executable_path/Frameworks",
					"@loader_path/Frameworks",
				);
				PRODUCT_BUNDLE_IDENTIFIER = "noretteingabire-gmail.com.Tip-calculatorUITests";
				PRODUCT_NAME = "$(TARGET_NAME)";
				TARGETED_DEVICE_FAMILY = "1,2";
				TEST_TARGET_NAME = "Tip calculator";
			};
			name = Release;
		};
/* End XCBuildConfiguration section */

/* Begin XCConfigurationList section */
		32843B4620E2DA4000057BA0 /* Build configuration list for PBXProject "Tip calculator" */ = {
			isa = XCConfigurationList;
			buildConfigurations = (
				32843B7520E2DA4100057BA0 /* Debug */,
				32843B7620E2DA4100057BA0 /* Release */,
			);
			defaultConfigurationIsVisible = 0;
			defaultConfigurationName = Release;
		};
		32843B7720E2DA4100057BA0 /* Build configuration list for PBXNativeTarget "Tip calculator" */ = {
			isa = XCConfigurationList;
			buildConfigurations = (
				32843B7820E2DA4100057BA0 /* Debug */,
				32843B7920E2DA4100057BA0 /* Release */,
			);
			defaultConfigurationIsVisible = 0;
			defaultConfigurationName = Release;
		};
		32843B7A20E2DA4100057BA0 /* Build configuration list for PBXNativeTarget "Tip calculatorTests" */ = {
			isa = XCConfigurationList;
			buildConfigurations = (
				32843B7B20E2DA4100057BA0 /* Debug */,
				32843B7C20E2DA4100057BA0 /* Release */,
			);
			defaultConfigurationIsVisible = 0;
			defaultConfigurationName = Release;
		};
		32843B7D20E2DA4100057BA0 /* Build configuration list for PBXNativeTarget "Tip calculatorUITests" */ = {
			isa = XCConfigurationList;
			buildConfigurations = (
				32843B7E20E2DA4100057BA0 /* Debug */,
				32843B7F20E2DA4100057BA0 /* Release */,
			);
			defaultConfigurationIsVisible = 0;
			defaultConfigurationName = Release;
		};
/* End XCConfigurationList section */
	};
	rootObject = 32843B4320E2DA4000057BA0 /* Project object */;
}
